<Solution>
  <Folder Name="/Solution Items/">
    <File Path="PLAN.md" />
  </Folder>
  <Folder Name="/src/">
    <Project Path="src/Sextant.csproj" />
    <Project Path="src/Sextant.Git/Sextant.Git.csproj" />
  </Folder>
  <Folder Name="/tests/">
    <Project Path="tests/Sextant.Git.Tests/Sextant.Git.Tests.csproj" />
  </Folder>
  <Project Path="src/Sextant.AskPass/Sextant.AskPass.csproj" />
</Solution>
